
Microsoft Visual Studio Solution File, Format Version 12.00
# Visual Studio Version 17
VisualStudioVersion = 17.14.36121.58 d17.14
MinimumVisualStudioVersion = 10.0.40219.1
Project("{FAE04EC0-301F-11D3-BF4B-00C04F79EFBC}") = "TamoPOS", "AsComputoPOS\TamoPOS.csproj", "{37672C9F-F686-0C72-93C0-BE635F598500}"
EndProject
Global
	GlobalSection(SolutionConfigurationPlatforms) = preSolution
		Debug|Any CPU = Debug|Any CPU
		Release|Any CPU = Release|Any CPU
	EndGlobalSection
	GlobalSection(ProjectConfigurationPlatforms) = postSolution
		{37672C9F-F686-0C72-93C0-BE635F598500}.Debug|Any CPU.ActiveCfg = Debug|Any CPU
		{37672C9F-F686-0C72-93C0-BE635F598500}.Debug|Any CPU.Build.0 = Debug|Any CPU
		{37672C9F-F686-0C72-93C0-BE635F598500}.Release|Any CPU.ActiveCfg = Release|Any CPU
		{37672C9F-F686-0C72-93C0-BE635F598500}.Release|Any CPU.Build.0 = Release|Any CPU
	EndGlobalSection
	GlobalSection(SolutionProperties) = preSolution
		HideSolutionNode = FALSE
	EndGlobalSection
	GlobalSection(ExtensibilityGlobals) = postSolution
		SolutionGuid = {BC2BDDE2-2755-4C1B-8DDC-C5AC07E05BC8}
	EndGlobalSection
EndGlobal
